
Microsoft Visual Studio Solution File, Format Version 12.00
# Visual Studio Version 17
VisualStudioVersion = 17.14.36414.22 d17.14
MinimumVisualStudioVersion = 10.0.40219.1
Project("{FAE04EC0-301F-11D3-BF4B-00C04F79EFBC}") = "EscapeRoomDigitalPOO", "EscapeRoomDigitalPOO.csproj", "{5CB4AEC9-63F5-425D-8CE7-0AD7F4FD1877}"
EndProject
Global
	GlobalSection(SolutionConfigurationPlatforms) = preSolution
		Debug|Any CPU = Debug|Any CPU
		Release|Any CPU = Release|Any CPU
	EndGlobalSection
	GlobalSection(ProjectConfigurationPlatforms) = postSolution
		{5CB4AEC9-63F5-425D-8CE7-0AD7F4FD1877}.Debug|Any CPU.ActiveCfg = Debug|Any CPU
		{5CB4AEC9-63F5-425D-8CE7-0AD7F4FD1877}.Debug|Any CPU.Build.0 = Debug|Any CPU
		{5CB4AEC9-63F5-425D-8CE7-0AD7F4FD1877}.Release|Any CPU.ActiveCfg = Release|Any CPU
		{5CB4AEC9-63F5-425D-8CE7-0AD7F4FD1877}.Release|Any CPU.Build.0 = Release|Any CPU
	EndGlobalSection
	GlobalSection(SolutionProperties) = preSolution
		HideSolutionNode = FALSE
	EndGlobalSection
	GlobalSection(ExtensibilityGlobals) = postSolution
		SolutionGuid = {F4D98FD8-7625-4357-AA22-FF37D346FCEC}
	EndGlobalSection
EndGlobal
